{
  "version": 4,
  "terraform_version": "1.5.6",
  "serial": 27,
  "lineage": "3a7d60b2-fe93-a6b3-9da0-96b8cc87fc8a",
  "outputs": {},
  "resources": [
    {
      "module": "module.aws_desenvolvedor",
      "mode": "managed",
      "type": "aws_instance",
      "name": "servidorDEV",
      "provider": "module.aws_desenvolvedor.provider[\"registry.terraform.io/hashicorp/aws\"]",
      "instances": [
        {
          "schema_version": 1,
          "attributes": {
            "ami": "ami-069a9077d702fe1d8",
            "arn": "arn:aws:ec2:us-west-2:499999449098:instance/i-0752ad366e354a671",
            "associate_public_ip_address": true,
            "availability_zone": "us-west-2b",
            "capacity_reservation_specification": [
              {
                "capacity_reservation_preference": "open",
                "capacity_reservation_target": []
              }
            ],
            "cpu_core_count": 1,
            "cpu_threads_per_core": 1,
            "credit_specification": [],
            "disable_api_termination": false,
            "ebs_block_device": [],
            "ebs_optimized": false,
            "enclave_options": [
              {
                "enabled": false
              }
            ],
            "ephemeral_block_device": [],
            "get_password_data": false,
            "hibernation": false,
            "host_id": null,
            "iam_instance_profile": "",
            "id": "i-0752ad366e354a671",
            "instance_initiated_shutdown_behavior": "stop",
            "instance_state": "running",
            "instance_type": "t1.micro",
            "ipv6_address_count": 0,
            "ipv6_addresses": [],
            "key_name": "Dev",
            "launch_template": [],
            "metadata_options": [
              {
                "http_endpoint": "enabled",
                "http_put_response_hop_limit": 1,
                "http_tokens": "optional",
                "instance_metadata_tags": "disabled"
              }
            ],
            "monitoring": false,
            "network_interface": [],
            "outpost_arn": "",
            "password_data": "",
            "placement_group": "",
            "placement_partition_number": null,
            "primary_network_interface_id": "eni-0c40f056220d5ff2e",
            "private_dns": "ip-172-31-18-115.us-west-2.compute.internal",
            "private_ip": "172.31.18.115",
            "public_dns": "ec2-34-222-140-143.us-west-2.compute.amazonaws.com",
            "public_ip": "34.222.140.143",
            "root_block_device": [
              {
                "delete_on_termination": true,
                "device_name": "/dev/sda1",
                "encrypted": false,
                "iops": 3000,
                "kms_key_id": "",
                "tags": {},
                "throughput": 125,
                "volume_id": "vol-02844337f045b210a",
                "volume_size": 10,
                "volume_type": "gp3"
              }
            ],
            "secondary_private_ips": [],
            "security_groups": [
              "default"
            ],
            "source_dest_check": true,
            "subnet_id": "subnet-04861e670f4038de8",
            "tags": {
              "Name": "Servidor Dev"
            },
            "tags_all": {
              "Name": "Servidor Dev"
            },
            "tenancy": "default",
            "timeouts": null,
            "user_data": null,
            "user_data_base64": null,
            "volume_tags": null,
            "vpc_security_group_ids": [
              "sg-01a54e4f276302b29"
            ]
          },
          "sensitive_attributes": [],
          "private": "eyJlMmJmYjczMC1lY2FhLTExZTYtOGY4OC0zNDM2M2JjN2M0YzAiOnsiY3JlYXRlIjo2MDAwMDAwMDAwMDAsImRlbGV0ZSI6MTIwMDAwMDAwMDAwMCwidXBkYXRlIjo2MDAwMDAwMDAwMDB9LCJzY2hlbWFfdmVyc2lvbiI6IjEifQ=="
        }
      ]
    },
    {
      "module": "module.aws_desenvolvedor",
      "mode": "managed",
      "type": "aws_instance",
      "name": "servidorPROD",
      "provider": "module.aws_desenvolvedor.provider[\"registry.terraform.io/hashicorp/aws\"]",
      "instances": [
        {
          "schema_version": 1,
          "attributes": {
            "ami": "ami-069a9077d702fe1d8",
            "arn": "arn:aws:ec2:us-west-2:499999449098:instance/i-0eae6b4829320452b",
            "associate_public_ip_address": true,
            "availability_zone": "us-west-2b",
            "capacity_reservation_specification": [
              {
                "capacity_reservation_preference": "open",
                "capacity_reservation_target": []
              }
            ],
            "cpu_core_count": 1,
            "cpu_threads_per_core": 1,
            "credit_specification": [],
            "disable_api_termination": false,
            "ebs_block_device": [],
            "ebs_optimized": false,
            "enclave_options": [
              {
                "enabled": false
              }
            ],
            "ephemeral_block_device": [],
            "get_password_data": false,
            "hibernation": false,
            "host_id": null,
            "iam_instance_profile": "",
            "id": "i-0eae6b4829320452b",
            "instance_initiated_shutdown_behavior": "stop",
            "instance_state": "running",
            "instance_type": "t1.micro",
            "ipv6_address_count": 0,
            "ipv6_addresses": [],
            "key_name": "Dev",
            "launch_template": [],
            "metadata_options": [
              {
                "http_endpoint": "enabled",
                "http_put_response_hop_limit": 1,
                "http_tokens": "optional",
                "instance_metadata_tags": "disabled"
              }
            ],
            "monitoring": false,
            "network_interface": [],
            "outpost_arn": "",
            "password_data": "",
            "placement_group": "",
            "placement_partition_number": null,
            "primary_network_interface_id": "eni-043279b0b469e9683",
            "private_dns": "ip-172-31-19-104.us-west-2.compute.internal",
            "private_ip": "172.31.19.104",
            "public_dns": "ec2-18-237-99-54.us-west-2.compute.amazonaws.com",
            "public_ip": "18.237.99.54",
            "root_block_device": [
              {
                "delete_on_termination": true,
                "device_name": "/dev/sda1",
                "encrypted": false,
                "iops": 3000,
                "kms_key_id": "",
                "tags": {},
                "throughput": 125,
                "volume_id": "vol-0c8834ecbfff872ba",
                "volume_size": 10,
                "volume_type": "gp3"
              }
            ],
            "secondary_private_ips": [],
            "security_groups": [
              "default"
            ],
            "source_dest_check": true,
            "subnet_id": "subnet-04861e670f4038de8",
            "tags": {
              "Name": "Servidor de Producao"
            },
            "tags_all": {
              "Name": "Servidor de Producao"
            },
            "tenancy": "default",
            "timeouts": null,
            "user_data": null,
            "user_data_base64": null,
            "volume_tags": null,
            "vpc_security_group_ids": [
              "sg-01a54e4f276302b29"
            ]
          },
          "sensitive_attributes": [],
          "private": "eyJlMmJmYjczMC1lY2FhLTExZTYtOGY4OC0zNDM2M2JjN2M0YzAiOnsiY3JlYXRlIjo2MDAwMDAwMDAwMDAsImRlbGV0ZSI6MTIwMDAwMDAwMDAwMCwidXBkYXRlIjo2MDAwMDAwMDAwMDB9LCJzY2hlbWFfdmVyc2lvbiI6IjEifQ=="
        }
      ]
    },
    {
      "module": "module.aws_desenvolvedor",
      "mode": "managed",
      "type": "aws_key_pair",
      "name": "Dev",
      "provider": "module.aws_desenvolvedor.provider[\"registry.terraform.io/hashicorp/aws\"]",
      "instances": [
        {
          "schema_version": 1,
          "attributes": {
            "arn": "arn:aws:ec2:us-west-2:499999449098:key-pair/Dev",
            "fingerprint": "ab:f5:64:34:1b:9f:d5:8a:34:ac:c2:9f:bf:da:0b:0d",
            "id": "Dev",
            "key_name": "Dev",
            "key_name_prefix": "",
            "key_pair_id": "key-02a54b6b307c6a0bc",
            "public_key": "ssh-rsa AAAAB3NzaC1yc2EAAAADAQABAAABgQDEzxs8xUN2Fl5HuKhmpKro3IrJDxnrrPjpKozCyvQx/StG+j84+oG+HOXx2SbS4mzRr6+UTea0Mx4NsyBxVfp8fkjmBEhNn0sClGg4gB1ymqT27+R8oer6EnlIswQ6mv0dMCS5WU8cm/QAT3ytL6moN1iAWVSvbtN1awpjgNFM0b6lQ9stUHtnOilPwB95baCa5DKeIROnh+4U/Ff9fAkqdpTuWJ0/JHL/ejvQUZan9XHL6AHk8Ld7tzLINTf+PwcXBTgExN4jsE5wAzXExKHjM95qM4A5i6Ea+DLxBl3bUvJN3BYVYoOCQZ5n4q4GP694IjosJ38RqbeDDJE7PehsgsrTe7U9xObKuQFNh2O7diHZGlH8kP3jQVrzBwyjp4JFoGP1syoII+DQPXVwGZ2A5AlNcaHeJ3GZL4UBoCIbhz8HgT1QoB6fMwGzcGvaaiImz7vY3qbSZwkmvSiYB3C4naJGziCN1hCWgZ2pPzc4mZckqOj1PZ0PKVfYd7GIjD8= fernando@MacBook-Pro-2017.local",
            "tags": {},
            "tags_all": {}
          },
          "sensitive_attributes": [],
          "private": "eyJzY2hlbWFfdmVyc2lvbiI6IjEifQ=="
        }
      ]
    },
    {
      "module": "module.aws_desenvolvedor",
      "mode": "managed",
      "type": "aws_security_group",
      "name": "allow_tls",
      "provider": "module.aws_desenvolvedor.provider[\"registry.terraform.io/hashicorp/aws\"]",
      "instances": [
        {
          "schema_version": 1,
          "attributes": {
            "arn": "arn:aws:ec2:us-west-2:499999449098:security-group/sg-016ab7c70a268e6cf",
            "description": "Allow TLS inbound traffic",
            "egress": [
              {
                "cidr_blocks": [
                  "0.0.0.0/0"
                ],
                "description": "",
                "from_port": 0,
                "ipv6_cidr_blocks": [
                  "::/0"
                ],
                "prefix_list_ids": [],
                "protocol": "-1",
                "security_groups": [],
                "self": false,
                "to_port": 0
              }
            ],
            "id": "sg-016ab7c70a268e6cf",
            "ingress": [
              {
                "cidr_blocks": [
                  "0.0.0.0/0"
                ],
                "description": "TLS from VPC",
                "from_port": 0,
                "ipv6_cidr_blocks": [
                  "::/0"
                ],
                "prefix_list_ids": [],
                "protocol": "-1",
                "security_groups": [],
                "self": false,
                "to_port": 0
              }
            ],
            "name": "grupo1",
            "name_prefix": "",
            "owner_id": "499999449098",
            "revoke_rules_on_delete": false,
            "tags": {
              "Name": "group1"
            },
            "tags_all": {
              "Name": "group1"
            },
            "timeouts": null,
            "vpc_id": "vpc-0b9808c7e01d60bd5"
          },
          "sensitive_attributes": [],
          "private": "eyJlMmJmYjczMC1lY2FhLTExZTYtOGY4OC0zNDM2M2JjN2M0YzAiOnsiY3JlYXRlIjo2MDAwMDAwMDAwMDAsImRlbGV0ZSI6OTAwMDAwMDAwMDAwfSwic2NoZW1hX3ZlcnNpb24iOiIxIn0="
        }
      ]
    }
  ],
  "check_results": null
}
