{
  "version": 4,
  "terraform_version": "1.5.6",
  "serial": 11,
  "lineage": "29b536b1-1cd8-d8e0-3062-eb83da0d4edf",
  "outputs": {},
  "resources": [
    {
      "module": "module.aws_producao",
      "mode": "managed",
      "type": "aws_instance",
      "name": "servidorDEV",
      "provider": "module.aws_producao.provider[\"registry.terraform.io/hashicorp/aws\"]",
      "instances": [
        {
          "schema_version": 1,
          "attributes": {
            "ami": "ami-0c65adc9a5c1b5d7c",
            "arn": "arn:aws:ec2:us-west-2:499999449098:instance/i-07a081f3e5fda52c9",
            "associate_public_ip_address": true,
            "availability_zone": "us-west-2b",
            "capacity_reservation_specification": [
              {
                "capacity_reservation_preference": "open",
                "capacity_reservation_target": []
              }
            ],
            "cpu_core_count": 1,
            "cpu_threads_per_core": 1,
            "credit_specification": [
              {
                "cpu_credits": "standard"
              }
            ],
            "disable_api_termination": false,
            "ebs_block_device": [],
            "ebs_optimized": false,
            "enclave_options": [
              {
                "enabled": false
              }
            ],
            "ephemeral_block_device": [],
            "get_password_data": false,
            "hibernation": false,
            "host_id": null,
            "iam_instance_profile": "",
            "id": "i-07a081f3e5fda52c9",
            "instance_initiated_shutdown_behavior": "stop",
            "instance_state": "running",
            "instance_type": "t2.micro",
            "ipv6_address_count": 0,
            "ipv6_addresses": [],
            "key_name": "Prod",
            "launch_template": [],
            "metadata_options": [
              {
                "http_endpoint": "enabled",
                "http_put_response_hop_limit": 1,
                "http_tokens": "optional",
                "instance_metadata_tags": "disabled"
              }
            ],
            "monitoring": false,
            "network_interface": [],
            "outpost_arn": "",
            "password_data": "",
            "placement_group": "",
            "placement_partition_number": null,
            "primary_network_interface_id": "eni-0d72b9e3a60c684d0",
            "private_dns": "ip-172-31-19-185.us-west-2.compute.internal",
            "private_ip": "172.31.19.185",
            "public_dns": "ec2-52-25-53-90.us-west-2.compute.amazonaws.com",
            "public_ip": "52.25.53.90",
            "root_block_device": [
              {
                "delete_on_termination": true,
                "device_name": "/dev/sda1",
                "encrypted": false,
                "iops": 100,
                "kms_key_id": "",
                "tags": {},
                "throughput": 0,
                "volume_id": "vol-010470bc1ee8eb319",
                "volume_size": 8,
                "volume_type": "gp2"
              }
            ],
            "secondary_private_ips": [],
            "security_groups": [
              "default"
            ],
            "source_dest_check": true,
            "subnet_id": "subnet-04861e670f4038de8",
            "tags": {
              "Name": "Servidor Dev"
            },
            "tags_all": {
              "Name": "Servidor Dev"
            },
            "tenancy": "default",
            "timeouts": null,
            "user_data": null,
            "user_data_base64": null,
            "volume_tags": null,
            "vpc_security_group_ids": [
              "sg-01a54e4f276302b29"
            ]
          },
          "sensitive_attributes": [],
          "private": "eyJlMmJmYjczMC1lY2FhLTExZTYtOGY4OC0zNDM2M2JjN2M0YzAiOnsiY3JlYXRlIjo2MDAwMDAwMDAwMDAsImRlbGV0ZSI6MTIwMDAwMDAwMDAwMCwidXBkYXRlIjo2MDAwMDAwMDAwMDB9LCJzY2hlbWFfdmVyc2lvbiI6IjEifQ=="
        }
      ]
    },
    {
      "module": "module.aws_producao",
      "mode": "managed",
      "type": "aws_instance",
      "name": "servidorPROD",
      "provider": "module.aws_producao.provider[\"registry.terraform.io/hashicorp/aws\"]",
      "instances": [
        {
          "schema_version": 1,
          "attributes": {
            "ami": "ami-0c65adc9a5c1b5d7c",
            "arn": "arn:aws:ec2:us-west-2:499999449098:instance/i-04a152706687ab23d",
            "associate_public_ip_address": true,
            "availability_zone": "us-west-2b",
            "capacity_reservation_specification": [
              {
                "capacity_reservation_preference": "open",
                "capacity_reservation_target": []
              }
            ],
            "cpu_core_count": 1,
            "cpu_threads_per_core": 1,
            "credit_specification": [
              {
                "cpu_credits": "standard"
              }
            ],
            "disable_api_termination": false,
            "ebs_block_device": [],
            "ebs_optimized": false,
            "enclave_options": [
              {
                "enabled": false
              }
            ],
            "ephemeral_block_device": [],
            "get_password_data": false,
            "hibernation": false,
            "host_id": null,
            "iam_instance_profile": "",
            "id": "i-04a152706687ab23d",
            "instance_initiated_shutdown_behavior": "stop",
            "instance_state": "running",
            "instance_type": "t2.micro",
            "ipv6_address_count": 0,
            "ipv6_addresses": [],
            "key_name": "Prod",
            "launch_template": [],
            "metadata_options": [
              {
                "http_endpoint": "enabled",
                "http_put_response_hop_limit": 1,
                "http_tokens": "optional",
                "instance_metadata_tags": "disabled"
              }
            ],
            "monitoring": false,
            "network_interface": [],
            "outpost_arn": "",
            "password_data": "",
            "placement_group": "",
            "placement_partition_number": null,
            "primary_network_interface_id": "eni-0a60be28d1ea66905",
            "private_dns": "ip-172-31-30-91.us-west-2.compute.internal",
            "private_ip": "172.31.30.91",
            "public_dns": "ec2-34-222-46-13.us-west-2.compute.amazonaws.com",
            "public_ip": "34.222.46.13",
            "root_block_device": [
              {
                "delete_on_termination": true,
                "device_name": "/dev/sda1",
                "encrypted": false,
                "iops": 100,
                "kms_key_id": "",
                "tags": {},
                "throughput": 0,
                "volume_id": "vol-0fe19b8742f52699c",
                "volume_size": 8,
                "volume_type": "gp2"
              }
            ],
            "secondary_private_ips": [],
            "security_groups": [
              "default"
            ],
            "source_dest_check": true,
            "subnet_id": "subnet-04861e670f4038de8",
            "tags": {
              "Name": "Servidor de Producao"
            },
            "tags_all": {
              "Name": "Servidor de Producao"
            },
            "tenancy": "default",
            "timeouts": null,
            "user_data": null,
            "user_data_base64": null,
            "volume_tags": null,
            "vpc_security_group_ids": [
              "sg-01a54e4f276302b29"
            ]
          },
          "sensitive_attributes": [],
          "private": "eyJlMmJmYjczMC1lY2FhLTExZTYtOGY4OC0zNDM2M2JjN2M0YzAiOnsiY3JlYXRlIjo2MDAwMDAwMDAwMDAsImRlbGV0ZSI6MTIwMDAwMDAwMDAwMCwidXBkYXRlIjo2MDAwMDAwMDAwMDB9LCJzY2hlbWFfdmVyc2lvbiI6IjEifQ=="
        }
      ]
    },
    {
      "module": "module.aws_producao",
      "mode": "managed",
      "type": "aws_key_pair",
      "name": "Prod",
      "provider": "module.aws_producao.provider[\"registry.terraform.io/hashicorp/aws\"]",
      "instances": [
        {
          "schema_version": 1,
          "attributes": {
            "arn": "arn:aws:ec2:us-west-2:499999449098:key-pair/Prod",
            "fingerprint": "12:f9:fc:83:16:4f:40:b0:07:dc:db:46:a8:0d:d5:29",
            "id": "Prod",
            "key_name": "Prod",
            "key_name_prefix": "",
            "key_pair_id": "key-0ea35441219f18488",
            "public_key": "ssh-rsa AAAAB3NzaC1yc2EAAAADAQABAAABgQDS0yU9QAjVHeSF8jNqjGVuRiBxjBn0/U8wr9gFdXkAPdYJNoSVG+fz5fYkSzBfrEEUTf5MpDpEpQ62PEpPp5ZrxMQxwYbqYqKJqFrUxm/Cq/Fkds/TdqCxoY9sM6oVHd7yAMNvApRdwRzbE9UMktvcs2m7WT2UmA5aA92IShiV3Hdz2DmnC8kzpgYd6G0hDHrIlwFLON3fvdmLUtgpwL4jmUt6IDGT+bZUeKTdRmjDPZBrSK2plEQIFhdizunMz6cvNRsdmnwef5daedZKPoxzrzgZk6ZtMuCuOxUn/BdMJ36WXopf6nJ59QrqNBN1AB42ekg1IOHPpKMSU+YtcclFoKgePmtkgSN0xSBKEC5KLUIMSCdaLU4i5gRIyB5B5Jr7NOS4+kp1LnehwJj2QWd4kbVA7rK7cOmdJnkcOd2Gxc4W22b4l/xzOI+ErnXQNTJf78CPW6BisauNBYRtFlRe/a+STLgw9isP+3H2OPajldCGX8qX0pufnCo3gKXhsZs= fernando@MacBook-Pro-2017.local",
            "tags": {},
            "tags_all": {}
          },
          "sensitive_attributes": [],
          "private": "eyJzY2hlbWFfdmVyc2lvbiI6IjEifQ=="
        }
      ]
    }
  ],
  "check_results": null
}
