{
  "version": 4,
  "terraform_version": "1.5.6",
  "serial": 51,
  "lineage": "29b536b1-1cd8-d8e0-3062-eb83da0d4edf",
  "outputs": {},
  "resources": [
    {
      "module": "module.aws_producao",
      "mode": "managed",
      "type": "aws_autoscaling_group",
      "name": "grupoescalar",
      "provider": "module.aws_producao.provider[\"registry.terraform.io/hashicorp/aws\"]",
      "instances": [
        {
          "schema_version": 0,
          "attributes": {
            "arn": "arn:aws:autoscaling:us-west-2:499999449098:autoScalingGroup:e2e34f2d-2de1-4fba-9af1-8c52f7b813a8:autoScalingGroupName/Prod",
            "availability_zones": [
              "us-west-2a"
            ],
            "capacity_rebalance": false,
            "default_cooldown": 300,
            "desired_capacity": 1,
            "enabled_metrics": null,
            "force_delete": false,
            "force_delete_warm_pool": false,
            "health_check_grace_period": 300,
            "health_check_type": "EC2",
            "id": "Prod",
            "initial_lifecycle_hook": [],
            "instance_refresh": [],
            "launch_configuration": "",
            "launch_template": [
              {
                "id": "lt-094629f400b7eabb1",
                "name": "terraform-20231004191202486300000001",
                "version": "$Latest"
              }
            ],
            "load_balancers": null,
            "max_instance_lifetime": 0,
            "max_size": 10,
            "metrics_granularity": "1Minute",
            "min_elb_capacity": null,
            "min_size": 1,
            "mixed_instances_policy": [],
            "name": "Prod",
            "name_prefix": "",
            "placement_group": "",
            "protect_from_scale_in": false,
            "service_linked_role_arn": "arn:aws:iam::499999449098:role/aws-service-role/autoscaling.amazonaws.com/AWSServiceRoleForAutoScaling",
            "suspended_processes": null,
            "tag": [],
            "tags": null,
            "target_group_arns": [
              "arn:aws:elasticloadbalancing:us-west-2:499999449098:targetgroup/maquinaAlvo/0595062386600e40"
            ],
            "termination_policies": null,
            "timeouts": null,
            "vpc_zone_identifier": [],
            "wait_for_capacity_timeout": "10m",
            "wait_for_elb_capacity": null,
            "warm_pool": []
          },
          "sensitive_attributes": [],
          "private": "eyJlMmJmYjczMC1lY2FhLTExZTYtOGY4OC0zNDM2M2JjN2M0YzAiOnsiZGVsZXRlIjo2MDAwMDAwMDAwMDB9fQ==",
          "dependencies": [
            "module.aws_producao.aws_default_vpc.default",
            "module.aws_producao.aws_launch_template.template_ex",
            "module.aws_producao.aws_lb_target_group.alvoLoad"
          ]
        }
      ]
    },
    {
      "module": "module.aws_producao",
      "mode": "managed",
      "type": "aws_default_subnet",
      "name": "subnet_1",
      "provider": "module.aws_producao.provider[\"registry.terraform.io/hashicorp/aws\"]",
      "instances": [
        {
          "schema_version": 1,
          "attributes": {
            "arn": "arn:aws:ec2:us-west-2:499999449098:subnet/subnet-0cd5603b4d058b83f",
            "assign_ipv6_address_on_creation": false,
            "availability_zone": "us-west-2a",
            "availability_zone_id": "usw2-az2",
            "cidr_block": "172.31.32.0/20",
            "customer_owned_ipv4_pool": "",
            "enable_dns64": false,
            "enable_resource_name_dns_a_record_on_launch": false,
            "enable_resource_name_dns_aaaa_record_on_launch": false,
            "id": "subnet-0cd5603b4d058b83f",
            "ipv6_cidr_block": "",
            "ipv6_cidr_block_association_id": "",
            "ipv6_native": false,
            "map_customer_owned_ip_on_launch": false,
            "map_public_ip_on_launch": true,
            "outpost_arn": "",
            "owner_id": "499999449098",
            "private_dns_hostname_type_on_launch": "ip-name",
            "tags": null,
            "tags_all": {},
            "timeouts": null,
            "vpc_id": "vpc-0b9808c7e01d60bd5"
          },
          "sensitive_attributes": [],
          "private": "eyJlMmJmYjczMC1lY2FhLTExZTYtOGY4OC0zNDM2M2JjN2M0YzAiOnsiY3JlYXRlIjo2MDAwMDAwMDAwMDAsImRlbGV0ZSI6MTIwMDAwMDAwMDAwMH0sInNjaGVtYV92ZXJzaW9uIjoiMSJ9"
        }
      ]
    },
    {
      "module": "module.aws_producao",
      "mode": "managed",
      "type": "aws_default_subnet",
      "name": "subnet_2",
      "provider": "module.aws_producao.provider[\"registry.terraform.io/hashicorp/aws\"]",
      "instances": [
        {
          "schema_version": 1,
          "attributes": {
            "arn": "arn:aws:ec2:us-west-2:499999449098:subnet/subnet-04861e670f4038de8",
            "assign_ipv6_address_on_creation": false,
            "availability_zone": "us-west-2b",
            "availability_zone_id": "usw2-az1",
            "cidr_block": "172.31.16.0/20",
            "customer_owned_ipv4_pool": "",
            "enable_dns64": false,
            "enable_resource_name_dns_a_record_on_launch": false,
            "enable_resource_name_dns_aaaa_record_on_launch": false,
            "id": "subnet-04861e670f4038de8",
            "ipv6_cidr_block": "",
            "ipv6_cidr_block_association_id": "",
            "ipv6_native": false,
            "map_customer_owned_ip_on_launch": false,
            "map_public_ip_on_launch": true,
            "outpost_arn": "",
            "owner_id": "499999449098",
            "private_dns_hostname_type_on_launch": "ip-name",
            "tags": null,
            "tags_all": {},
            "timeouts": null,
            "vpc_id": "vpc-0b9808c7e01d60bd5"
          },
          "sensitive_attributes": [],
          "private": "eyJlMmJmYjczMC1lY2FhLTExZTYtOGY4OC0zNDM2M2JjN2M0YzAiOnsiY3JlYXRlIjo2MDAwMDAwMDAwMDAsImRlbGV0ZSI6MTIwMDAwMDAwMDAwMH0sInNjaGVtYV92ZXJzaW9uIjoiMSJ9"
        }
      ]
    },
    {
      "module": "module.aws_producao",
      "mode": "managed",
      "type": "aws_default_vpc",
      "name": "default",
      "provider": "module.aws_producao.provider[\"registry.terraform.io/hashicorp/aws\"]",
      "instances": [
        {
          "schema_version": 1,
          "attributes": {
            "arn": "arn:aws:ec2:us-west-2:499999449098:vpc/vpc-0b9808c7e01d60bd5",
            "assign_generated_ipv6_cidr_block": false,
            "cidr_block": "172.31.0.0/16",
            "default_network_acl_id": "acl-000f8df845c60b458",
            "default_route_table_id": "rtb-04190747642dab361",
            "default_security_group_id": "sg-01a54e4f276302b29",
            "dhcp_options_id": "dopt-019ecbc588d32d0f9",
            "enable_classiclink": false,
            "enable_classiclink_dns_support": false,
            "enable_dns_hostnames": true,
            "enable_dns_support": true,
            "id": "vpc-0b9808c7e01d60bd5",
            "instance_tenancy": "default",
            "ipv4_ipam_pool_id": null,
            "ipv4_netmask_length": null,
            "ipv6_association_id": "",
            "ipv6_cidr_block": "",
            "ipv6_cidr_block_network_border_group": "",
            "ipv6_ipam_pool_id": "",
            "ipv6_netmask_length": 0,
            "main_route_table_id": "rtb-04190747642dab361",
            "owner_id": "499999449098",
            "tags": null,
            "tags_all": {}
          },
          "sensitive_attributes": [],
          "private": "eyJzY2hlbWFfdmVyc2lvbiI6IjEifQ=="
        }
      ]
    },
    {
      "module": "module.aws_producao",
      "mode": "managed",
      "type": "aws_key_pair",
      "name": "Prod",
      "provider": "module.aws_producao.provider[\"registry.terraform.io/hashicorp/aws\"]",
      "instances": [
        {
          "schema_version": 1,
          "attributes": {
            "arn": "arn:aws:ec2:us-west-2:499999449098:key-pair/Prod",
            "fingerprint": "40:99:fd:c1:07:99:05:4c:51:10:87:a1:81:b8:2e:51",
            "id": "Prod",
            "key_name": "Prod",
            "key_name_prefix": "",
            "key_pair_id": "key-00dfea51d298d3a52",
            "public_key": "ssh-rsa AAAAB3NzaC1yc2EAAAADAQABAAABgQD2fhPuJgwJ5XNHE3GJDzPDvLDL8dTuT5/0D/FxhtAi34aOvanBCADTjvW8e9ZPhx6rCy0DiTguC2LeaP9V+BVASHLcnVM4UGC7B38nuF6Gdgavc/eWv4JI3AjVL9g4cOHqIYdhtkjQV6igvw3U2mpQ9YbB1GB04aHHOAgSwZeSq8g4+Yb9ftT7fs/eDmigXntfsUUvHgQwc4mFpGQlAKT05k/FEB9E+7VX1hvNHwBW27rI0oGP6HBny/qSPr7DDCJBXzE3dGpWnImcarYHb1dwwjD1qysZagVM/dkbApN5FrV0IsFiBeDR9G5UYUqS+48lU55fP9Kla3YshPgbwnU9QxrZeGqpNM12CdFe5PrH05tIs0efjtEH7qfiWCMEiu45OCW+CXcNPvk3DrpQPLG/56/10YX3nBpS3GUMWNY5Di5FajS8yHjTA2OQnZM1/gfH2TlTVTn407V90FEviSpSkw+284MjA1qHdLkmkJ4+CMpuQpypSMa+TCw3vTxSNoM= fernando@MacBook-Pro-2017.local",
            "tags": null,
            "tags_all": {}
          },
          "sensitive_attributes": [],
          "private": "eyJzY2hlbWFfdmVyc2lvbiI6IjEifQ=="
        }
      ]
    },
    {
      "module": "module.aws_producao",
      "mode": "managed",
      "type": "aws_launch_template",
      "name": "template_ex",
      "provider": "module.aws_producao.provider[\"registry.terraform.io/hashicorp/aws\"]",
      "instances": [
        {
          "schema_version": 0,
          "attributes": {
            "arn": "arn:aws:ec2:us-west-2:499999449098:launch-template/lt-094629f400b7eabb1",
            "block_device_mappings": [],
            "capacity_reservation_specification": [],
            "cpu_options": [],
            "credit_specification": [],
            "default_version": 1,
            "description": "",
            "disable_api_termination": false,
            "ebs_optimized": "",
            "elastic_gpu_specifications": [],
            "elastic_inference_accelerator": [],
            "enclave_options": [],
            "hibernation_options": [],
            "iam_instance_profile": [],
            "id": "lt-094629f400b7eabb1",
            "image_id": "ami-069a9077d702fe1d8",
            "instance_initiated_shutdown_behavior": "",
            "instance_market_options": [],
            "instance_type": "t2.micro",
            "kernel_id": "",
            "key_name": "Prod",
            "latest_version": 1,
            "license_specification": [],
            "metadata_options": [],
            "monitoring": [],
            "name": "terraform-20231004191202486300000001",
            "name_prefix": "terraform-",
            "network_interfaces": [],
            "placement": [],
            "ram_disk_id": "",
            "security_group_names": [
              "Prod"
            ],
            "tag_specifications": [],
            "tags": {
              "Name": "Terraform Python"
            },
            "tags_all": {
              "Name": "Terraform Python"
            },
            "update_default_version": null,
            "user_data": "IyEvYmluL2Jhc2gKY2QgL2hvbWUvCmN1cmwgIGh0dHBzOi8vYm9vdHN0cmFwLnB5cGEuaW8vZ2V0LXBpcC5weSAtbyBnZXQtcGlwLnB5CnN1ZG8gcHl0aG9uMyBnZXQtcGlwLnB5CnN1ZG8gcHl0aG9uMyAtbSBwaXAgaW5zdGFsbCBhbnNpYmxlIAp0ZWUgLWEgcGxheWJvb2sueW1sID4gL2Rldi9udWxsIDw8RU9UCi0gaG9zdHM6IGxvY2FsaG9zdAogIHRhc2tzOgogICAgLSBuYW1lOiBJbnN0YWxsIE5vZGVKUwogICAgICAgIHl1bToKICAgICAgICB1cGRhdGVfY2FjaGU6IHllcwogICAgICAgICAgICBwa2c6CiAgICAgICAgICAgIC0gbm9kZWpzCiAgICAgICAgYmVjb21lOiB5ZXMKICAgICAgICBiZWNvbWVfbWV0aG9kOiBzdWRvCkVPVAphbnNpYmxlLXBsYWJvb2sgcGxheWJvb2sueW1s",
            "vpc_security_group_ids": null
          },
          "sensitive_attributes": [],
          "private": "bnVsbA=="
        }
      ]
    },
    {
      "module": "module.aws_producao",
      "mode": "managed",
      "type": "aws_lb",
      "name": "loadbalance",
      "provider": "module.aws_producao.provider[\"registry.terraform.io/hashicorp/aws\"]",
      "instances": [
        {
          "schema_version": 0,
          "attributes": {
            "access_logs": [
              {
                "bucket": "",
                "enabled": false,
                "prefix": ""
              }
            ],
            "arn": "arn:aws:elasticloadbalancing:us-west-2:499999449098:loadbalancer/app/tf-lb-20231004191210523800000003/76c2960e3bdd4ef5",
            "arn_suffix": "app/tf-lb-20231004191210523800000003/76c2960e3bdd4ef5",
            "customer_owned_ipv4_pool": "",
            "desync_mitigation_mode": "defensive",
            "dns_name": "tf-lb-20231004191210523800000003-1436187030.us-west-2.elb.amazonaws.com",
            "drop_invalid_header_fields": false,
            "enable_cross_zone_load_balancing": true,
            "enable_deletion_protection": false,
            "enable_http2": true,
            "enable_waf_fail_open": false,
            "id": "arn:aws:elasticloadbalancing:us-west-2:499999449098:loadbalancer/app/tf-lb-20231004191210523800000003/76c2960e3bdd4ef5",
            "idle_timeout": 60,
            "internal": false,
            "ip_address_type": "ipv4",
            "load_balancer_type": "application",
            "name": "tf-lb-20231004191210523800000003",
            "name_prefix": null,
            "security_groups": [
              "sg-01a54e4f276302b29"
            ],
            "subnet_mapping": [
              {
                "allocation_id": "",
                "ipv6_address": "",
                "outpost_id": "",
                "private_ipv4_address": "",
                "subnet_id": "subnet-04861e670f4038de8"
              },
              {
                "allocation_id": "",
                "ipv6_address": "",
                "outpost_id": "",
                "private_ipv4_address": "",
                "subnet_id": "subnet-0cd5603b4d058b83f"
              }
            ],
            "subnets": [
              "subnet-04861e670f4038de8",
              "subnet-0cd5603b4d058b83f"
            ],
            "tags": null,
            "tags_all": {},
            "timeouts": null,
            "vpc_id": "vpc-0b9808c7e01d60bd5",
            "zone_id": "Z1H1FL5HABSF5"
          },
          "sensitive_attributes": [],
          "private": "eyJlMmJmYjczMC1lY2FhLTExZTYtOGY4OC0zNDM2M2JjN2M0YzAiOnsiY3JlYXRlIjo2MDAwMDAwMDAwMDAsImRlbGV0ZSI6NjAwMDAwMDAwMDAwLCJ1cGRhdGUiOjYwMDAwMDAwMDAwMH19",
          "dependencies": [
            "module.aws_producao.aws_default_subnet.subnet_1",
            "module.aws_producao.aws_default_subnet.subnet_2"
          ]
        }
      ]
    },
    {
      "module": "module.aws_producao",
      "mode": "managed",
      "type": "aws_lb_target_group",
      "name": "alvoLoad",
      "provider": "module.aws_producao.provider[\"registry.terraform.io/hashicorp/aws\"]",
      "instances": [
        {
          "schema_version": 0,
          "attributes": {
            "arn": "arn:aws:elasticloadbalancing:us-west-2:499999449098:targetgroup/maquinaAlvo/0595062386600e40",
            "arn_suffix": "targetgroup/maquinaAlvo/0595062386600e40",
            "connection_termination": false,
            "deregistration_delay": "300",
            "health_check": [
              {
                "enabled": true,
                "healthy_threshold": 5,
                "interval": 30,
                "matcher": "200",
                "path": "/",
                "port": "traffic-port",
                "protocol": "HTTPS",
                "timeout": 5,
                "unhealthy_threshold": 2
              }
            ],
            "id": "arn:aws:elasticloadbalancing:us-west-2:499999449098:targetgroup/maquinaAlvo/0595062386600e40",
            "lambda_multi_value_headers_enabled": false,
            "load_balancing_algorithm_type": "round_robin",
            "name": "maquinaAlvo",
            "name_prefix": null,
            "port": 8000,
            "preserve_client_ip": null,
            "protocol": "HTTPS",
            "protocol_version": "HTTP1",
            "proxy_protocol_v2": false,
            "slow_start": 0,
            "stickiness": [
              {
                "cookie_duration": 86400,
                "cookie_name": "",
                "enabled": false,
                "type": "lb_cookie"
              }
            ],
            "tags": null,
            "tags_all": {},
            "target_type": "instance",
            "vpc_id": "vpc-0b9808c7e01d60bd5"
          },
          "sensitive_attributes": [],
          "private": "bnVsbA==",
          "dependencies": [
            "module.aws_producao.aws_default_vpc.default"
          ]
        }
      ]
    },
    {
      "module": "module.aws_producao",
      "mode": "managed",
      "type": "aws_security_group",
      "name": "allow_tls",
      "provider": "module.aws_producao.provider[\"registry.terraform.io/hashicorp/aws\"]",
      "instances": [
        {
          "schema_version": 1,
          "attributes": {
            "arn": "arn:aws:ec2:us-west-2:499999449098:security-group/sg-076c3e84c9b8c3fc7",
            "description": "Managed by Terraform",
            "egress": [
              {
                "cidr_blocks": [
                  "0.0.0.0/0"
                ],
                "description": "",
                "from_port": 0,
                "ipv6_cidr_blocks": [
                  "::/0"
                ],
                "prefix_list_ids": [],
                "protocol": "-1",
                "security_groups": [],
                "self": false,
                "to_port": 0
              }
            ],
            "id": "sg-076c3e84c9b8c3fc7",
            "ingress": [
              {
                "cidr_blocks": [
                  "0.0.0.0/0"
                ],
                "description": "TLS from VPC",
                "from_port": 0,
                "ipv6_cidr_blocks": [
                  "::/0"
                ],
                "prefix_list_ids": [],
                "protocol": "-1",
                "security_groups": [],
                "self": false,
                "to_port": 0
              }
            ],
            "name": "Prod",
            "name_prefix": "",
            "owner_id": "499999449098",
            "revoke_rules_on_delete": false,
            "tags": {
              "Name": "group1"
            },
            "tags_all": {
              "Name": "group1"
            },
            "timeouts": null,
            "vpc_id": "vpc-0b9808c7e01d60bd5"
          },
          "sensitive_attributes": [],
          "private": "eyJlMmJmYjczMC1lY2FhLTExZTYtOGY4OC0zNDM2M2JjN2M0YzAiOnsiY3JlYXRlIjo2MDAwMDAwMDAwMDAsImRlbGV0ZSI6OTAwMDAwMDAwMDAwfSwic2NoZW1hX3ZlcnNpb24iOiIxIn0="
        }
      ]
    }
  ],
  "check_results": null
}
